
Microsoft Visual Studio Solution File, Format Version 12.00
# Visual Studio Version 16
VisualStudioVersion = 16.0.31105.61
MinimumVisualStudioVersion = 10.0.40219.1
Project("{FAE04EC0-301F-11D3-BF4B-00C04F79EFBC}") = "Solidarity", "Solidarity.csproj", "{6C002F6F-4B77-4A70-A4D1-258F32BA461C}"
EndProject
Global
	GlobalSection(SolutionConfigurationPlatforms) = preSolution
		Debug|Any CPU = Debug|Any CPU
		Release|Any CPU = Release|Any CPU
	EndGlobalSection
	GlobalSection(ProjectConfigurationPlatforms) = postSolution
		{6C002F6F-4B77-4A70-A4D1-258F32BA461C}.Debug|Any CPU.ActiveCfg = Debug|Any CPU
		{6C002F6F-4B77-4A70-A4D1-258F32BA461C}.Debug|Any CPU.Build.0 = Debug|Any CPU
		{6C002F6F-4B77-4A70-A4D1-258F32BA461C}.Release|Any CPU.ActiveCfg = Release|Any CPU
		{6C002F6F-4B77-4A70-A4D1-258F32BA461C}.Release|Any CPU.Build.0 = Release|Any CPU
	EndGlobalSection
	GlobalSection(SolutionProperties) = preSolution
		HideSolutionNode = FALSE
	EndGlobalSection
	GlobalSection(ExtensibilityGlobals) = postSolution
		SolutionGuid = {4DC69838-A155-4871-99C8-922BF219F9AE}
	EndGlobalSection
EndGlobal
